<?xml version="1.0" encoding="utf-8"?>
<Project ToolsVersion="4.0" xmlns="http://schemas.microsoft.com/developer/msbuild/2003">
  <ItemGroup>
    <Filter Include="Source Files">
      <UniqueIdentifier>{22c6d1e2-5a7f-4d4d-b0ab-a7037d8b1c10}</UniqueIdentifier>
      <Extensions>cpp</Extensions>
    </Filter>
    <Filter Include="Header Files">
      <UniqueIdentifier>{0f9733ae-81ee-479a-bd98-a708a7520b77}</UniqueIdentifier>
      <Extensions>h</Extensions>
    </Filter>
    <Filter Include="Miscellaneous Files">
      <UniqueIdentifier>{e87b1c16-49de-4879-8305-82f4974ef047}</UniqueIdentifier>
      <Extensions>txt</Extensions>
    </Filter>
  </ItemGroup>
  <ItemGroup>
    <None Include="ReadMe.txt">
      <Filter>Miscellaneous Files</Filter>
    </None>
    <None Include="Options.txt">
      <Filter>Miscellaneous Files</Filter>
    </None>
  </ItemGroup>
  <ItemGroup>
    <ClCompile Include="sgWobbleCurve2.cpp">
      <Filter>Source Files</Filter>
    </ClCompile>
    <ClCompile Include="sgWobbleCurve2_def.cpp">
      <Filter>Source Files</Filter>
    </ClCompile>
    <ClCompile Include="sgWobbleCurve.cpp">
      <Filter>Source Files</Filter>
    </ClCompile>
    <ClCompile Include="sgWobbleCurve_def.cpp">
      <Filter>Source Files</Filter>
    </ClCompile>
    <ClCompile Include="pluginMain.cpp">
      <Filter>Source Files</Filter>
    </ClCompile>
    <ClCompile Include="PerlinNoise.cpp">
      <Filter>Source Files</Filter>
    </ClCompile>
  </ItemGroup>
  <ItemGroup>
    <ClInclude Include="sgWobbleCurve2.h">
      <Filter>Header Files</Filter>
    </ClInclude>
    <ClInclude Include="sgWobbleCurve.h">
      <Filter>Header Files</Filter>
    </ClInclude>
    <ClInclude Include="PerlinNoise.h">
      <Filter>Header Files</Filter>
    </ClInclude>
  </ItemGroup>
</Project>