<?xml version="1.0" encoding="utf-8"?>
<Project ToolsVersion="4.0" xmlns="http://schemas.microsoft.com/developer/msbuild/2003">
  <ItemGroup>
    <Filter Include="Source Files">
      <UniqueIdentifier>{baafce79-955d-4b60-97f0-9290b1b871a1}</UniqueIdentifier>
      <Extensions>cpp</Extensions>
    </Filter>
    <Filter Include="Header Files">
      <UniqueIdentifier>{54a54176-3e88-4f48-8dd6-e76362d7341f}</UniqueIdentifier>
      <Extensions>h</Extensions>
    </Filter>
    <Filter Include="Miscellaneous Files">
      <UniqueIdentifier>{42ccc81a-116e-46b3-9dfe-53083a631a7e}</UniqueIdentifier>
      <Extensions>txt</Extensions>
    </Filter>
  </ItemGroup>
  <ItemGroup>
    <None Include="ReadMe.txt">
      <Filter>Miscellaneous Files</Filter>
    </None>
    <None Include="Options.txt">
      <Filter>Miscellaneous Files</Filter>
    </None>
  </ItemGroup>
  <ItemGroup>
    <ClCompile Include="pluginMain.cpp">
      <Filter>Source Files</Filter>
    </ClCompile>
    <ClCompile Include="volumnCurvesOnSurface.cpp">
      <Filter>Source Files</Filter>
    </ClCompile>
    <ClCompile Include="clusterControledCurve.cpp">
      <Filter>Source Files</Filter>
    </ClCompile>
    <ClCompile Include="splineMatrix.cpp">
      <Filter>Source Files</Filter>
    </ClCompile>
    <ClCompile Include="clusterControledSurface.cpp">
      <Filter>Source Files</Filter>
    </ClCompile>
    <ClCompile Include="matrixFromPolygon.cpp">
      <Filter>Source Files</Filter>
    </ClCompile>
    <ClCompile Include="simulatedCurveControledSurface.cpp">
      <Filter>Source Files</Filter>
    </ClCompile>
  </ItemGroup>
  <ItemGroup>
    <ClInclude Include="volumeCurvesOnSurface.h">
      <Filter>Header Files</Filter>
    </ClInclude>
    <ClInclude Include="volumeCurvesOnSurface_def.h">
      <Filter>Header Files</Filter>
    </ClInclude>
    <ClInclude Include="clusterControledCurve.h">
      <Filter>Header Files</Filter>
    </ClInclude>
    <ClInclude Include="clusterControledCurve_def.h">
      <Filter>Header Files</Filter>
    </ClInclude>
    <ClInclude Include="splineMatrix.h">
      <Filter>Header Files</Filter>
    </ClInclude>
    <ClInclude Include="splineMatrix_def.h">
      <Filter>Header Files</Filter>
    </ClInclude>
    <ClInclude Include="volumeCurvesOnSurface_class.h">
      <Filter>Header Files</Filter>
    </ClInclude>
    <ClInclude Include="clusterControledSurface.h">
      <Filter>Header Files</Filter>
    </ClInclude>
    <ClInclude Include="clusterControledSurface_def.h">
      <Filter>Header Files</Filter>
    </ClInclude>
    <ClInclude Include="matrixFromPolygon.h">
      <Filter>Header Files</Filter>
    </ClInclude>
    <ClInclude Include="matrixFromPolygon_def.h">
      <Filter>Header Files</Filter>
    </ClInclude>
    <ClInclude Include="simulatedCurveControledSurface.h">
      <Filter>Header Files</Filter>
    </ClInclude>
    <ClInclude Include="simulatedCurveControledSurface_def.h">
      <Filter>Header Files</Filter>
    </ClInclude>
  </ItemGroup>
</Project>