<?xml version="1.0" encoding="utf-8"?>
<Project ToolsVersion="4.0" xmlns="http://schemas.microsoft.com/developer/msbuild/2003">
  <ItemGroup>
    <Filter Include="Source Files">
      <UniqueIdentifier>{9cb799ce-50f8-4b64-8ef9-88df542f25be}</UniqueIdentifier>
      <Extensions>cpp</Extensions>
    </Filter>
    <Filter Include="Header Files">
      <UniqueIdentifier>{ce54989a-e1f3-4eeb-8e0b-7a9f4daee0e4}</UniqueIdentifier>
      <Extensions>h</Extensions>
    </Filter>
    <Filter Include="Miscellaneous Files">
      <UniqueIdentifier>{9047ddab-2c99-456e-be35-5e0e43df5eea}</UniqueIdentifier>
      <Extensions>txt</Extensions>
    </Filter>
  </ItemGroup>
  <ItemGroup>
    <None Include="ReadMe.txt">
      <Filter>Miscellaneous Files</Filter>
    </None>
    <None Include="Options.txt">
      <Filter>Miscellaneous Files</Filter>
    </None>
    <None Include="wristAngle_pyCode.txt">
      <Filter>Miscellaneous Files</Filter>
    </None>
  </ItemGroup>
  <ItemGroup>
    <ClCompile Include="wristAngle.cpp">
      <Filter>Source Files</Filter>
    </ClCompile>
    <ClCompile Include="shoulderOrient.cpp">
      <Filter>Source Files</Filter>
    </ClCompile>
    <ClCompile Include="initializer.cpp">
      <Filter>Source Files</Filter>
    </ClCompile>
    <ClCompile Include="squash.cpp">
      <Filter>Source Files</Filter>
    </ClCompile>
    <ClCompile Include="blendTwoMatrix.cpp">
      <Filter>Source Files</Filter>
    </ClCompile>
    <ClCompile Include="blendTwoAngle.cpp">
      <Filter>Source Files</Filter>
    </ClCompile>
    <ClCompile Include="matrixToThreeByThree.cpp">
      <Filter>Source Files</Filter>
    </ClCompile>
    <ClCompile Include="matrixToFourByFour.cpp">
      <Filter>Source Files</Filter>
    </ClCompile>
    <ClCompile Include="followMatrix.cpp">
      <Filter>Source Files</Filter>
    </ClCompile>
    <ClCompile Include="followDouble.cpp">
      <Filter>Source Files</Filter>
    </ClCompile>
  </ItemGroup>
  <ItemGroup>
    <ClInclude Include="wristAngle.h">
      <Filter>Header Files</Filter>
    </ClInclude>
    <ClInclude Include="shoulderOrient.h">
      <Filter>Header Files</Filter>
    </ClInclude>
    <ClInclude Include="squash.h">
      <Filter>Header Files</Filter>
    </ClInclude>
    <ClInclude Include="blendTwoMatrix.h">
      <Filter>Header Files</Filter>
    </ClInclude>
    <ClInclude Include="wtBlendMatrix.h">
      <Filter>Header Files</Filter>
    </ClInclude>
    <ClInclude Include="blendTwoAngle.h">
      <Filter>Header Files</Filter>
    </ClInclude>
    <ClInclude Include="matrixToThreeByThree.h">
      <Filter>Header Files</Filter>
    </ClInclude>
    <ClInclude Include="matrixToFourByFour.h">
      <Filter>Header Files</Filter>
    </ClInclude>
    <ClInclude Include="followMatrix.h">
      <Filter>Header Files</Filter>
    </ClInclude>
    <ClInclude Include="followDouble.h">
      <Filter>Header Files</Filter>
    </ClInclude>
    <ClInclude Include="CnnLib.h">
      <Filter>Header Files</Filter>
    </ClInclude>
  </ItemGroup>
</Project>