<?xml version="1.0" encoding="utf-8"?>
<Project ToolsVersion="4.0" xmlns="http://schemas.microsoft.com/developer/msbuild/2003">
  <ItemGroup>
    <Filter Include="Source Files">
      <UniqueIdentifier>{ee5cf540-32a7-499f-bfd7-5649990c463d}</UniqueIdentifier>
      <Extensions>cpp</Extensions>
    </Filter>
    <Filter Include="Header Files">
      <UniqueIdentifier>{f8e98f22-890d-4b31-b8b8-5ea46629cd69}</UniqueIdentifier>
      <Extensions>h</Extensions>
    </Filter>
    <Filter Include="Miscellaneous Files">
      <UniqueIdentifier>{1eb9082f-98b5-4c04-a51b-57023ce57b85}</UniqueIdentifier>
      <Extensions>txt</Extensions>
    </Filter>
  </ItemGroup>
  <ItemGroup>
    <None Include="ReadMe.txt">
      <Filter>Miscellaneous Files</Filter>
    </None>
    <None Include="Options.txt">
      <Filter>Miscellaneous Files</Filter>
    </None>
  </ItemGroup>
  <ItemGroup>
    <ClCompile Include="smartOrient.cpp">
      <Filter>Source Files</Filter>
    </ClCompile>
    <ClCompile Include="init.cpp">
      <Filter>Source Files</Filter>
    </ClCompile>
    <ClCompile Include="ikStretch.cpp">
      <Filter>Source Files</Filter>
    </ClCompile>
    <ClCompile Include="twoSideSlidingDistance.cpp">
      <Filter>Source Files</Filter>
    </ClCompile>
    <ClCompile Include="multMatrixDecompose.cpp">
      <Filter>Source Files</Filter>
    </ClCompile>
    <ClCompile Include="blendTwoMatrixDecompose.cpp">
      <Filter>Source Files</Filter>
    </ClCompile>
    <ClCompile Include="verticalVector.cpp">
      <Filter>Source Files</Filter>
    </ClCompile>
    <ClCompile Include="splineCurveInfo.cpp">
      <Filter>Source Files</Filter>
    </ClCompile>
    <ClCompile Include="distanceSeparator.cpp">
      <Filter>Source Files</Filter>
    </ClCompile>
    <ClCompile Include="controlerShape.cpp">
      <Filter>Source Files</Filter>
    </ClCompile>
    <ClCompile Include="footControl.cpp">
      <Filter>Source Files</Filter>
    </ClCompile>
    <ClCompile Include="angleDriver.cpp">
      <Filter>Source Files</Filter>
    </ClCompile>
  </ItemGroup>
  <ItemGroup>
    <ClInclude Include="smartOrient.h">
      <Filter>Header Files</Filter>
    </ClInclude>
    <ClInclude Include="ikStretch.h">
      <Filter>Header Files</Filter>
    </ClInclude>
    <ClInclude Include="twoSideSlidingDistance.h">
      <Filter>Header Files</Filter>
    </ClInclude>
    <ClInclude Include="multMatrixDecompose.h">
      <Filter>Header Files</Filter>
    </ClInclude>
    <ClInclude Include="blendTwoMatrixDecompose.h">
      <Filter>Header Files</Filter>
    </ClInclude>
    <ClInclude Include="verticalVector.h">
      <Filter>Header Files</Filter>
    </ClInclude>
    <ClInclude Include="CnnLib.h">
      <Filter>Header Files</Filter>
    </ClInclude>
    <ClInclude Include="splineCurveInfo.h">
      <Filter>Header Files</Filter>
    </ClInclude>
    <ClInclude Include="distanceSeparator.h">
      <Filter>Header Files</Filter>
    </ClInclude>
    <ClInclude Include="controlerShape.h">
      <Filter>Header Files</Filter>
    </ClInclude>
    <ClInclude Include="footControl.h">
      <Filter>Header Files</Filter>
    </ClInclude>
    <ClInclude Include="angleDriver.h">
      <Filter>Header Files</Filter>
    </ClInclude>
  </ItemGroup>
</Project>