<?xml version="1.0" encoding="utf-8"?>
<Project ToolsVersion="4.0" xmlns="http://schemas.microsoft.com/developer/msbuild/2003">
  <ItemGroup>
    <Filter Include="소스 파일">
      <UniqueIdentifier>{4FC737F1-C7A5-4376-A066-2A32D752A2FF}</UniqueIdentifier>
      <Extensions>cpp;c;cc;cxx;def;odl;idl;hpj;bat;asm;asmx</Extensions>
    </Filter>
    <Filter Include="헤더 파일">
      <UniqueIdentifier>{93995380-89BD-4b04-88EB-625FBE52EBFB}</UniqueIdentifier>
      <Extensions>h;hh;hpp;hxx;hm;inl;inc;xsd</Extensions>
    </Filter>
    <Filter Include="리소스 파일">
      <UniqueIdentifier>{67DA6AB6-F800-4c08-8B7A-83BB121AAD01}</UniqueIdentifier>
      <Extensions>rc;ico;cur;bmp;dlg;rc2;rct;bin;rgs;gif;jpg;jpeg;jpe;resx;tiff;tif;png;wav;mfcribbon-ms</Extensions>
    </Filter>
    <Filter Include="precompile">
      <UniqueIdentifier>{9e0d393e-cfc9-41ca-8d03-2e33cc052eeb}</UniqueIdentifier>
    </Filter>
  </ItemGroup>
  <ItemGroup>
    <ClInclude Include="SGBase.h">
      <Filter>헤더 파일</Filter>
    </ClInclude>
    <ClInclude Include="SGComponentType.h">
      <Filter>헤더 파일</Filter>
    </ClInclude>
    <ClInclude Include="SGIntersectResult.h">
      <Filter>헤더 파일</Filter>
    </ClInclude>
    <ClInclude Include="SGManip.h">
      <Filter>헤더 파일</Filter>
    </ClInclude>
    <ClInclude Include="SGMatrix.h">
      <Filter>헤더 파일</Filter>
    </ClInclude>
    <ClInclude Include="SGMesh.h">
      <Filter>헤더 파일</Filter>
    </ClInclude>
    <ClInclude Include="SGSelection.h">
      <Filter>헤더 파일</Filter>
    </ClInclude>
    <ClInclude Include="SGShape.h">
      <Filter>헤더 파일</Filter>
    </ClInclude>
    <ClInclude Include="SGSpace.h">
      <Filter>헤더 파일</Filter>
    </ClInclude>
    <ClInclude Include="SGSplitPoint.h">
      <Filter>헤더 파일</Filter>
    </ClInclude>
    <ClInclude Include="SGSymmetry.h">
      <Filter>헤더 파일</Filter>
    </ClInclude>
    <ClInclude Include="precompile.h">
      <Filter>precompile</Filter>
    </ClInclude>
    <ClInclude Include="SGPrintf.h">
      <Filter>헤더 파일</Filter>
    </ClInclude>
    <ClInclude Include="SGTimeCheck.h">
      <Filter>헤더 파일</Filter>
    </ClInclude>
  </ItemGroup>
  <ItemGroup>
    <ClCompile Include="SGBase.cpp">
      <Filter>소스 파일</Filter>
    </ClCompile>
    <ClCompile Include="SGComponentType.cpp">
      <Filter>소스 파일</Filter>
    </ClCompile>
    <ClCompile Include="SGIntersectResult.cpp">
      <Filter>소스 파일</Filter>
    </ClCompile>
    <ClCompile Include="SGManip.cpp">
      <Filter>소스 파일</Filter>
    </ClCompile>
    <ClCompile Include="SGMatrix.cpp">
      <Filter>소스 파일</Filter>
    </ClCompile>
    <ClCompile Include="SGMesh.cpp">
      <Filter>소스 파일</Filter>
    </ClCompile>
    <ClCompile Include="SGSelection.cpp">
      <Filter>소스 파일</Filter>
    </ClCompile>
    <ClCompile Include="SGShape.cpp">
      <Filter>소스 파일</Filter>
    </ClCompile>
    <ClCompile Include="SGSpace.cpp">
      <Filter>소스 파일</Filter>
    </ClCompile>
    <ClCompile Include="SGSplitPoint.cpp">
      <Filter>소스 파일</Filter>
    </ClCompile>
    <ClCompile Include="SGSymmetry.cpp">
      <Filter>소스 파일</Filter>
    </ClCompile>
    <ClCompile Include="precompile.cpp">
      <Filter>precompile</Filter>
    </ClCompile>
    <ClCompile Include="SGPrintf.cpp">
      <Filter>소스 파일</Filter>
    </ClCompile>
    <ClCompile Include="SGTimeCheck.cpp">
      <Filter>소스 파일</Filter>
    </ClCompile>
  </ItemGroup>
</Project>