<?xml version="1.0" encoding="utf-8"?>
<Project ToolsVersion="4.0" xmlns="http://schemas.microsoft.com/developer/msbuild/2003">
  <ItemGroup>
    <Filter Include="Source Files">
      <UniqueIdentifier>{55764586-bf3d-4c13-96c3-4236e9410fbd}</UniqueIdentifier>
      <Extensions>cpp</Extensions>
    </Filter>
    <Filter Include="Header Files">
      <UniqueIdentifier>{6ce149f4-5b7b-407a-9a69-afcc6109bf65}</UniqueIdentifier>
      <Extensions>h</Extensions>
    </Filter>
    <Filter Include="Miscellaneous Files">
      <UniqueIdentifier>{3c329928-ae69-4ae1-84cf-72d5494b4d50}</UniqueIdentifier>
      <Extensions>txt</Extensions>
    </Filter>
  </ItemGroup>
  <ItemGroup>
    <None Include="ReadMe.txt">
      <Filter>Miscellaneous Files</Filter>
    </None>
    <None Include="Options.txt">
      <Filter>Miscellaneous Files</Filter>
    </None>
  </ItemGroup>
  <ItemGroup>
    <ClInclude Include="sgSmoothWeightCommand.h">
      <Filter>Header Files</Filter>
    </ClInclude>
    <ClInclude Include="SGPrintf.h">
      <Filter>Header Files</Filter>
    </ClInclude>
  </ItemGroup>
  <ItemGroup>
    <ClCompile Include="sgSmoothWeightCommand.cpp">
      <Filter>Source Files</Filter>
    </ClCompile>
    <ClCompile Include="pluginMain.cpp">
      <Filter>Source Files</Filter>
    </ClCompile>
    <ClCompile Include="sgSmoothWeightCommand_def.cpp">
      <Filter>Source Files</Filter>
    </ClCompile>
    <ClCompile Include="SGPrintf.cpp">
      <Filter>Source Files</Filter>
    </ClCompile>
  </ItemGroup>
</Project>