<?xml version="1.0" encoding="utf-8"?>
<Project ToolsVersion="4.0" xmlns="http://schemas.microsoft.com/developer/msbuild/2003">
  <ItemGroup>
    <Filter Include="Source Files">
      <UniqueIdentifier>{17b044fa-9b15-4859-8b16-f8fd40411d0a}</UniqueIdentifier>
      <Extensions>cpp</Extensions>
    </Filter>
    <Filter Include="Header Files">
      <UniqueIdentifier>{90c0794f-3ed6-4fd2-b5b6-d0f286f0a213}</UniqueIdentifier>
      <Extensions>h</Extensions>
    </Filter>
    <Filter Include="Miscellaneous Files">
      <UniqueIdentifier>{1aa298ec-4516-41fc-8c4b-dafff5f2905b}</UniqueIdentifier>
      <Extensions>txt</Extensions>
    </Filter>
  </ItemGroup>
  <ItemGroup>
    <None Include="ReadMe.txt">
      <Filter>Miscellaneous Files</Filter>
    </None>
    <None Include="Options.txt">
      <Filter>Miscellaneous Files</Filter>
    </None>
  </ItemGroup>
  <ItemGroup>
    <ClInclude Include="retargetingCommand.h">
      <Filter>Header Files</Filter>
    </ClInclude>
    <ClInclude Include="controler.h">
      <Filter>Header Files</Filter>
    </ClInclude>
    <ClInclude Include="fkikControler.h">
      <Filter>Header Files</Filter>
    </ClInclude>
    <ClInclude Include="fingerControler.h">
      <Filter>Header Files</Filter>
    </ClInclude>
    <ClInclude Include="enableSet.h">
      <Filter>Header Files</Filter>
    </ClInclude>
    <ClInclude Include="controlerSet.h">
      <Filter>Header Files</Filter>
    </ClInclude>
    <ClInclude Include="weightSet.h">
      <Filter>Header Files</Filter>
    </ClInclude>
  </ItemGroup>
  <ItemGroup>
    <ClCompile Include="pluginMain.cpp">
      <Filter>Source Files</Filter>
    </ClCompile>
    <ClCompile Include="retargetingCommand.cpp">
      <Filter>Source Files</Filter>
    </ClCompile>
    <ClCompile Include="retargetingCommand_def.cpp">
      <Filter>Source Files</Filter>
    </ClCompile>
    <ClCompile Include="fkIkControler.cpp">
      <Filter>Source Files</Filter>
    </ClCompile>
    <ClCompile Include="controlerSet.cpp">
      <Filter>Source Files</Filter>
    </ClCompile>
    <ClCompile Include="retargetingCommand_fileDef.cpp">
      <Filter>Source Files</Filter>
    </ClCompile>
    <ClCompile Include="enableSet.cpp">
      <Filter>Source Files</Filter>
    </ClCompile>
    <ClCompile Include="weightSet.cpp">
      <Filter>Source Files</Filter>
    </ClCompile>
  </ItemGroup>
</Project>