<?xml version="1.0" encoding="utf-8"?>
<Project ToolsVersion="4.0" xmlns="http://schemas.microsoft.com/developer/msbuild/2003">
  <ItemGroup>
    <Filter Include="Source Files">
      <UniqueIdentifier>{83f76118-6302-480e-8a76-3931eb08927c}</UniqueIdentifier>
      <Extensions>cpp</Extensions>
    </Filter>
    <Filter Include="Header Files">
      <UniqueIdentifier>{91dd6bcd-f05d-4a4c-9590-8b239900480e}</UniqueIdentifier>
      <Extensions>h</Extensions>
    </Filter>
    <Filter Include="Miscellaneous Files">
      <UniqueIdentifier>{49da508d-b614-4102-b69a-78eb1b523de6}</UniqueIdentifier>
      <Extensions>txt</Extensions>
    </Filter>
  </ItemGroup>
  <ItemGroup>
    <None Include="ReadMe.txt">
      <Filter>Miscellaneous Files</Filter>
    </None>
    <None Include="Options.txt">
      <Filter>Miscellaneous Files</Filter>
    </None>
  </ItemGroup>
  <ItemGroup>
    <ClInclude Include="blendAndFixedShape.h">
      <Filter>Header Files</Filter>
    </ClInclude>
    <ClInclude Include="blendAndFixedShape_def.h">
      <Filter>Header Files</Filter>
    </ClInclude>
    <ClInclude Include="inverseSkinCluster.h">
      <Filter>Header Files</Filter>
    </ClInclude>
    <ClInclude Include="inverseSkinCluster_def.h">
      <Filter>Header Files</Filter>
    </ClInclude>
    <ClInclude Include="blendAndFixedShape_weightDef.h">
      <Filter>Header Files</Filter>
    </ClInclude>
    <ClInclude Include="deleteBlendMeshInfo.h">
      <Filter>Header Files</Filter>
    </ClInclude>
    <ClInclude Include="assignBlendMeshInfo.h">
      <Filter>Header Files</Filter>
    </ClInclude>
    <ClInclude Include="buildSkinMesh.h">
      <Filter>Header Files</Filter>
    </ClInclude>
    <ClInclude Include="addMirrorBlendMeshInfos.h">
      <Filter>Header Files</Filter>
    </ClInclude>
    <ClInclude Include="vectorWeight.h">
      <Filter>Header Files</Filter>
    </ClInclude>
  </ItemGroup>
  <ItemGroup>
    <ClCompile Include="blendAndFixedShape.cpp">
      <Filter>Source Files</Filter>
    </ClCompile>
    <ClCompile Include="pluginMain.cpp">
      <Filter>Source Files</Filter>
    </ClCompile>
    <ClCompile Include="inverseSkinCluster.cpp">
      <Filter>Source Files</Filter>
    </ClCompile>
    <ClCompile Include="deleteBlendMeshInfo.cpp">
      <Filter>Source Files</Filter>
    </ClCompile>
    <ClCompile Include="assignBlendMeshInfo.cpp">
      <Filter>Source Files</Filter>
    </ClCompile>
    <ClCompile Include="buildSkinMesh.cpp">
      <Filter>Source Files</Filter>
    </ClCompile>
    <ClCompile Include="addMirrorBlendMeshInfos.cpp">
      <Filter>Source Files</Filter>
    </ClCompile>
    <ClCompile Include="vectorWeight.cpp">
      <Filter>Source Files</Filter>
    </ClCompile>
  </ItemGroup>
</Project>