<?xml version="1.0" encoding="utf-8"?>
<Project ToolsVersion="4.0" xmlns="http://schemas.microsoft.com/developer/msbuild/2003">
  <ItemGroup>
    <Filter Include="Source Files">
      <UniqueIdentifier>{10e01452-8195-428b-b7cb-2154a660e2f2}</UniqueIdentifier>
      <Extensions>cpp</Extensions>
    </Filter>
    <Filter Include="Header Files">
      <UniqueIdentifier>{470e8216-3b2d-4706-9c70-9da892988c78}</UniqueIdentifier>
      <Extensions>h</Extensions>
    </Filter>
    <Filter Include="Miscellaneous Files">
      <UniqueIdentifier>{93d31cf2-57b5-451d-ac91-9a4af64e4e12}</UniqueIdentifier>
      <Extensions>txt</Extensions>
    </Filter>
  </ItemGroup>
  <ItemGroup>
    <None Include="ReadMe.txt">
      <Filter>Miscellaneous Files</Filter>
    </None>
    <None Include="Options.txt">
      <Filter>Miscellaneous Files</Filter>
    </None>
  </ItemGroup>
  <ItemGroup>
    <ClCompile Include="pluginMain.cpp">
      <Filter>Source Files</Filter>
    </ClCompile>
    <ClCompile Include="dgTransform.cpp">
      <Filter>Source Files</Filter>
    </ClCompile>
    <ClCompile Include="retargetOrientNode.cpp">
      <Filter>Source Files</Filter>
    </ClCompile>
    <ClCompile Include="retargetTransNode.cpp">
      <Filter>Source Files</Filter>
    </ClCompile>
    <ClCompile Include="transRotateCombineMatrix.cpp">
      <Filter>Source Files</Filter>
    </ClCompile>
    <ClCompile Include="retargetLocator.cpp">
      <Filter>Source Files</Filter>
    </ClCompile>
    <ClCompile Include="meshShapeLocator.cpp">
      <Filter>Source Files</Filter>
    </ClCompile>
    <ClCompile Include="timeControl.cpp">
      <Filter>Source Files</Filter>
    </ClCompile>
    <ClCompile Include="retargetBlender.cpp">
      <Filter>Source Files</Filter>
    </ClCompile>
    <ClCompile Include="udAttrBlender.cpp">
      <Filter>Source Files</Filter>
    </ClCompile>
    <ClCompile Include="editMatrixByCurve.cpp">
      <Filter>Source Files</Filter>
    </ClCompile>
  </ItemGroup>
  <ItemGroup>
    <ClInclude Include="dgTransform.h">
      <Filter>Header Files</Filter>
    </ClInclude>
    <ClInclude Include="retargetOrientNode.h">
      <Filter>Header Files</Filter>
    </ClInclude>
    <ClInclude Include="retargetTransNode.h">
      <Filter>Header Files</Filter>
    </ClInclude>
    <ClInclude Include="transRotateCombineMatrix.h">
      <Filter>Header Files</Filter>
    </ClInclude>
    <ClInclude Include="retargetLocator.h">
      <Filter>Header Files</Filter>
    </ClInclude>
    <ClInclude Include="meshShapeLocator.h">
      <Filter>Header Files</Filter>
    </ClInclude>
    <ClInclude Include="timeControl.h">
      <Filter>Header Files</Filter>
    </ClInclude>
    <ClInclude Include="retargetBlender.h">
      <Filter>Header Files</Filter>
    </ClInclude>
    <ClInclude Include="udAttrBlender.h">
      <Filter>Header Files</Filter>
    </ClInclude>
    <ClInclude Include="editMatrixByCurve.h">
      <Filter>Header Files</Filter>
    </ClInclude>
  </ItemGroup>
</Project>