<?xml version="1.0" encoding="utf-8"?>
<Project ToolsVersion="4.0" xmlns="http://schemas.microsoft.com/developer/msbuild/2003">
  <ItemGroup>
    <Filter Include="Source Files">
      <UniqueIdentifier>{9ec1c629-a4ea-4cda-b187-e20cb6cc02cd}</UniqueIdentifier>
      <Extensions>cpp</Extensions>
    </Filter>
    <Filter Include="Header Files">
      <UniqueIdentifier>{4261a05f-7ef4-449b-ac12-069f6d0d4530}</UniqueIdentifier>
      <Extensions>h</Extensions>
    </Filter>
    <Filter Include="Miscellaneous Files">
      <UniqueIdentifier>{7921aeba-6797-4c2e-bcf1-f318656cda4f}</UniqueIdentifier>
      <Extensions>txt</Extensions>
    </Filter>
  </ItemGroup>
  <ItemGroup>
    <None Include="ReadMe.txt">
      <Filter>Miscellaneous Files</Filter>
    </None>
    <None Include="Options.txt">
      <Filter>Miscellaneous Files</Filter>
    </None>
  </ItemGroup>
  <ItemGroup>
    <ClCompile Include="pluginMain.cpp">
      <Filter>Source Files</Filter>
    </ClCompile>
    <ClCompile Include="keepRoundDeformer.cpp">
      <Filter>Source Files</Filter>
    </ClCompile>
    <ClCompile Include="keepRountDeformer_def.cpp">
      <Filter>Source Files</Filter>
    </ClCompile>
    <ClCompile Include="slidingDeformer.cpp">
      <Filter>Source Files</Filter>
    </ClCompile>
    <ClCompile Include="slidingDeformer_def.cpp">
      <Filter>Source Files</Filter>
    </ClCompile>
    <ClCompile Include="slidingDeformer2.cpp">
      <Filter>Source Files</Filter>
    </ClCompile>
    <ClCompile Include="slidingDeformer2_def.cpp">
      <Filter>Source Files</Filter>
    </ClCompile>
    <ClCompile Include="getLowerestValue.cpp">
      <Filter>Source Files</Filter>
    </ClCompile>
    <ClCompile Include="aimObjectMatrix_def.cpp">
      <Filter>Source Files</Filter>
    </ClCompile>
    <ClCompile Include="aimObjectMatrix.cpp">
      <Filter>Source Files</Filter>
    </ClCompile>
    <ClCompile Include="collideMatrix.cpp">
      <Filter>Source Files</Filter>
    </ClCompile>
    <ClCompile Include="collideMatrix_def.cpp">
      <Filter>Source Files</Filter>
    </ClCompile>
    <ClCompile Include="meshRivet.cpp">
      <Filter>Source Files</Filter>
    </ClCompile>
    <ClCompile Include="meshRivet_def.cpp">
      <Filter>Source Files</Filter>
    </ClCompile>
    <ClCompile Include="CollisionJointNode.cpp">
      <Filter>Source Files</Filter>
    </ClCompile>
    <ClCompile Include="CollsitionJointNode_def.cpp">
      <Filter>Source Files</Filter>
    </ClCompile>
    <ClCompile Include="blendCurve.cpp">
      <Filter>Source Files</Filter>
    </ClCompile>
    <ClCompile Include="blendCurve_def.cpp">
      <Filter>Source Files</Filter>
    </ClCompile>
  </ItemGroup>
  <ItemGroup>
    <ClInclude Include="keepRoundDeformer.h">
      <Filter>Header Files</Filter>
    </ClInclude>
    <ClInclude Include="slidingDeformer.h">
      <Filter>Header Files</Filter>
    </ClInclude>
    <ClInclude Include="slidingDeformer2.h">
      <Filter>Header Files</Filter>
    </ClInclude>
    <ClInclude Include="getLowerestValue.h">
      <Filter>Header Files</Filter>
    </ClInclude>
    <ClInclude Include="aimObjectMatrix.h">
      <Filter>Header Files</Filter>
    </ClInclude>
    <ClInclude Include="collideMatrix.h">
      <Filter>Header Files</Filter>
    </ClInclude>
    <ClInclude Include="meshRivet.h">
      <Filter>Header Files</Filter>
    </ClInclude>
    <ClInclude Include="CollisionJointNode.h">
      <Filter>Header Files</Filter>
    </ClInclude>
    <ClInclude Include="blendCurve.h">
      <Filter>Header Files</Filter>
    </ClInclude>
  </ItemGroup>
</Project>